{
  "pins" : [
    {
      "identity" : "tvmaze-recommender-ios-sdk",
      "kind" : "remoteSourceControl",
      "location" : "https://github.com/tadeha/tvmaze-recommender-ios-sdk",
      "state" : {
        "branch" : "main",
        "revision" : "97829f336a9b6791c03685c9020426b11cff0bfc"
      }
    }
  ],
  "version" : 2
}
