{
  "pins" : [
    {
      "identity" : "tvmaze-recommender-ios-sdk",
      "kind" : "remoteSourceControl",
      "location" : "https://github.com/tadeha/tvmaze-recommender-ios-sdk",
      "state" : {
        "branch" : "main",
        "revision" : "20646e004e057cace2dc0bb2e3f2108d029c8df4"
      }
    }
  ],
  "version" : 2
}
