// !$*UTF8*$!
{
	archiveVersion = 1;
	classes = {
	};
	objectVersion = 55;
	objects = {

/* Begin PBXBuildFile section */
		BB69C4A9273EEAE30025EE04 /* AppDelegate.swift in Sources */ = {isa = PBXBuildFile; fileRef = BB69C4A8273EEAE30025EE04 /* AppDelegate.swift */; };
		BB69C4AB273EEAE30025EE04 /* SceneDelegate.swift in Sources */ = {isa = PBXBuildFile; fileRef = BB69C4AA273EEAE30025EE04 /* SceneDelegate.swift */; };
		BB69C4AD273EEAE30025EE04 /* ViewController.swift in Sources */ = {isa = PBXBuildFile; fileRef = BB69C4AC273EEAE30025EE04 /* ViewController.swift */; };
		BB69C4B0273EEAE30025EE04 /* Main.storyboard in Resources */ = {isa = PBXBuildFile; fileRef = BB69C4AE273EEAE30025EE04 /* Main.storyboard */; };
		BB69C4B2273EEAE50025EE04 /* Assets.xcassets in Resources */ = {isa = PBXBuildFile; fileRef = BB69C4B1273EEAE50025EE04 /* Assets.xcassets */; };
		BB69C4B5273EEAE50025EE04 /* LaunchScreen.storyboard in Resources */ = {isa = PBXBuildFile; fileRef = BB69C4B3273EEAE50025EE04 /* LaunchScreen.storyboard */; };
		BB69C4C0273EEB200025EE04 /* ShowTableViewCell.swift in Sources */ = {isa = PBXBuildFile; fileRef = BB69C4BF273EEB200025EE04 /* ShowTableViewCell.swift */; };
		BBE4F95327DBFD58003E5FD5 /* TVShowRecommender in Frameworks */ = {isa = PBXBuildFile; productRef = BBE4F95227DBFD58003E5FD5 /* TVShowRecommender */; };
/* End PBXBuildFile section */

/* Begin PBXFileReference section */
		BB69C4A5273EEAE30025EE04 /* TVShowRecommenderExample.app */ = {isa = PBXFileReference; explicitFileType = wrapper.application; includeInIndex = 0; path = TVShowRecommenderExample.app; sourceTree = BUILT_PRODUCTS_DIR; };
		BB69C4A8273EEAE30025EE04 /* AppDelegate.swift */ = {isa = PBXFileReference; lastKnownFileType = sourcecode.swift; path = AppDelegate.swift; sourceTree = "<group>"; };
		BB69C4AA273EEAE30025EE04 /* SceneDelegate.swift */ = {isa = PBXFileReference; lastKnownFileType = sourcecode.swift; path = SceneDelegate.swift; sourceTree = "<group>"; };
		BB69C4AC273EEAE30025EE04 /* ViewController.swift */ = {isa = PBXFileReference; lastKnownFileType = sourcecode.swift; path = ViewController.swift; sourceTree = "<group>"; };
		BB69C4AF273EEAE30025EE04 /* Base */ = {isa = PBXFileReference; lastKnownFileType = file.storyboard; name = Base; path = Base.lproj/Main.storyboard; sourceTree = "<group>"; };
		BB69C4B1273EEAE50025EE04 /* Assets.xcassets */ = {isa = PBXFileReference; lastKnownFileType = folder.assetcatalog; path = Assets.xcassets; sourceTree = "<group>"; };
		BB69C4B4273EEAE50025EE04 /* Base */ = {isa = PBXFileReference; lastKnownFileType = file.storyboard; name = Base; path = Base.lproj/LaunchScreen.storyboard; sourceTree = "<group>"; };
		BB69C4B6273EEAE50025EE04 /* Info.plist */ = {isa = PBXFileReference; lastKnownFileType = text.plist.xml; path = Info.plist; sourceTree = "<group>"; };
		BB69C4BF273EEB200025EE04 /* ShowTableViewCell.swift */ = {isa = PBXFileReference; fileEncoding = 4; lastKnownFileType = sourcecode.swift; path = ShowTableViewCell.swift; sourceTree = "<group>"; };
/* End PBXFileReference section */

/* Begin PBXFrameworksBuildPhase section */
		BB69C4A2273EEAE30025EE04 /* Frameworks */ = {
			isa = PBXFrameworksBuildPhase;
			buildActionMask = 2147483647;
			files = (
				BBE4F95327DBFD58003E5FD5 /* TVShowRecommender in Frameworks */,
			);
			runOnlyForDeploymentPostprocessing = 0;
		};
/* End PBXFrameworksBuildPhase section */

/* Begin PBXGroup section */
		BB69C49C273EEAE30025EE04 = {
			isa = PBXGroup;
			children = (
				BB69C4A7273EEAE30025EE04 /* TVShowRecommenderExample */,
				BB69C4A6273EEAE30025EE04 /* Products */,
			);
			sourceTree = "<group>";
		};
		BB69C4A6273EEAE30025EE04 /* Products */ = {
			isa = PBXGroup;
			children = (
				BB69C4A5273EEAE30025EE04 /* TVShowRecommenderExample.app */,
			);
			name = Products;
			sourceTree = "<group>";
		};
		BB69C4A7273EEAE30025EE04 /* TVShowRecommenderExample */ = {
			isa = PBXGroup;
			children = (
				BB69C4A8273EEAE30025EE04 /* AppDelegate.swift */,
				BB69C4AA273EEAE30025EE04 /* SceneDelegate.swift */,
				BB69C4AC273EEAE30025EE04 /* ViewController.swift */,
				BB69C4BF273EEB200025EE04 /* ShowTableViewCell.swift */,
				BB69C4AE273EEAE30025EE04 /* Main.storyboard */,
				BB69C4B1273EEAE50025EE04 /* Assets.xcassets */,
				BB69C4B3273EEAE50025EE04 /* LaunchScreen.storyboard */,
				BB69C4B6273EEAE50025EE04 /* Info.plist */,
			);
			path = TVShowRecommenderExample;
			sourceTree = "<group>";
		};
/* End PBXGroup section */

/* Begin PBXNativeTarget section */
		BB69C4A4273EEAE30025EE04 /* TVShowRecommenderExample */ = {
			isa = PBXNativeTarget;
			buildConfigurationList = BB69C4B9273EEAE50025EE04 /* Build configuration list for PBXNativeTarget "TVShowRecommenderExample" */;
			buildPhases = (
				BB69C4A1273EEAE30025EE04 /* Sources */,
				BB69C4A2273EEAE30025EE04 /* Frameworks */,
				BB69C4A3273EEAE30025EE04 /* Resources */,
			);
			buildRules = (
			);
			dependencies = (
			);
			name = TVShowRecommenderExample;
			packageProductDependencies = (
				BBE4F95227DBFD58003E5FD5 /* TVShowRecommender */,
			);
			productName = TVShowRecommenderExample;
			productReference = BB69C4A5273EEAE30025EE04 /* TVShowRecommenderExample.app */;
			productType = "com.apple.product-type.application";
		};
/* End PBXNativeTarget section */

/* Begin PBXProject section */
		BB69C49D273EEAE30025EE04 /* Project object */ = {
			isa = PBXProject;
			attributes = {
				BuildIndependentTargetsInParallel = 1;
				LastSwiftUpdateCheck = 1310;
				LastUpgradeCheck = 1310;
				TargetAttributes = {
					BB69C4A4273EEAE30025EE04 = {
						CreatedOnToolsVersion = 13.1;
					};
				};
			};
			buildConfigurationList = BB69C4A0273EEAE30025EE04 /* Build configuration list for PBXProject "TVShowRecommenderExample" */;
			compatibilityVersion = "Xcode 13.0";
			developmentRegion = en;
			hasScannedForEncodings = 0;
			knownRegions = (
				en,
				Base,
			);
			mainGroup = BB69C49C273EEAE30025EE04;
			packageReferences = (
				BBE4F95127DBFD58003E5FD5 /* XCRemoteSwiftPackageReference "tvmaze-recommender-ios-sdk" */,
			);
			productRefGroup = BB69C4A6273EEAE30025EE04 /* Products */;
			projectDirPath = "";
			projectRoot = "";
			targets = (
				BB69C4A4273EEAE30025EE04 /* TVShowRecommenderExample */,
			);
		};
/* End PBXProject section */

/* Begin PBXResourcesBuildPhase section */
		BB69C4A3273EEAE30025EE04 /* Resources */ = {
			isa = PBXResourcesBuildPhase;
			buildActionMask = 2147483647;
			files = (
				BB69C4B5273EEAE50025EE04 /* LaunchScreen.storyboard in Resources */,
				BB69C4B2273EEAE50025EE04 /* Assets.xcassets in Resources */,
				BB69C4B0273EEAE30025EE04 /* Main.storyboard in Resources */,
			);
			runOnlyForDeploymentPostprocessing = 0;
		};
/* End PBXResourcesBuildPhase section */

/* Begin PBXSourcesBuildPhase section */
		BB69C4A1273EEAE30025EE04 /* Sources */ = {
			isa = PBXSourcesBuildPhase;
			buildActionMask = 2147483647;
			files = (
				BB69C4AD273EEAE30025EE04 /* ViewController.swift in Sources */,
				BB69C4A9273EEAE30025EE04 /* AppDelegate.swift in Sources */,
				BB69C4C0273EEB200025EE04 /* ShowTableViewCell.swift in Sources */,
				BB69C4AB273EEAE30025EE04 /* SceneDelegate.swift in Sources */,
			);
			runOnlyForDeploymentPostprocessing = 0;
		};
/* End PBXSourcesBuildPhase section */

/* Begin PBXVariantGroup section */
		BB69C4AE273EEAE30025EE04 /* Main.storyboard */ = {
			isa = PBXVariantGroup;
			children = (
				BB69C4AF273EEAE30025EE04 /* Base */,
			);
			name = Main.storyboard;
			sourceTree = "<group>";
		};
		BB69C4B3273EEAE50025EE04 /* LaunchScreen.storyboard */ = {
			isa = PBXVariantGroup;
			children = (
				BB69C4B4273EEAE50025EE04 /* Base */,
			);
			name = LaunchScreen.storyboard;
			sourceTree = "<group>";
		};
/* End PBXVariantGroup section */

/* Begin XCBuildConfiguration section */
		BB69C4B7273EEAE50025EE04 /* Debug */ = {
			isa = XCBuildConfiguration;
			buildSettings = {
				ALWAYS_SEARCH_USER_PATHS = NO;
				CLANG_ANALYZER_NONNULL = YES;
				CLANG_ANALYZER_NUMBER_OBJECT_CONVERSION = YES_AGGRESSIVE;
				CLANG_CXX_LANGUAGE_STANDARD = "gnu++17";
				CLANG_CXX_LIBRARY = "libc++";
				CLANG_ENABLE_MODULES = YES;
				CLANG_ENABLE_OBJC_ARC = YES;
				CLANG_ENABLE_OBJC_WEAK = YES;
				CLANG_WARN_BLOCK_CAPTURE_AUTORELEASING = YES;
				CLANG_WARN_BOOL_CONVERSION = YES;
				CLANG_WARN_COMMA = YES;
				CLANG_WARN_CONSTANT_CONVERSION = YES;
				CLANG_WARN_DEPRECATED_OBJC_IMPLEMENTATIONS = YES;
				CLANG_WARN_DIRECT_OBJC_ISA_USAGE = YES_ERROR;
				CLANG_WARN_DOCUMENTATION_COMMENTS = YES;
				CLANG_WARN_EMPTY_BODY = YES;
				CLANG_WARN_ENUM_CONVERSION = YES;
				CLANG_WARN_INFINITE_RECURSION = YES;
				CLANG_WARN_INT_CONVERSION = YES;
				CLANG_WARN_NON_LITERAL_NULL_CONVERSION = YES;
				CLANG_WARN_OBJC_IMPLICIT_RETAIN_SELF = YES;
				CLANG_WARN_OBJC_LITERAL_CONVERSION = YES;
				CLANG_WARN_OBJC_ROOT_CLASS = YES_ERROR;
				CLANG_WARN_QUOTED_INCLUDE_IN_FRAMEWORK_HEADER = YES;
				CLANG_WARN_RANGE_LOOP_ANALYSIS = YES;
				CLANG_WARN_STRICT_PROTOTYPES = YES;
				CLANG_WARN_SUSPICIOUS_MOVE = YES;
				CLANG_WARN_UNGUARDED_AVAILABILITY = YES_AGGRESSIVE;
				CLANG_WARN_UNREACHABLE_CODE = YES;
				CLANG_WARN__DUPLICATE_METHOD_MATCH = YES;
				COPY_PHASE_STRIP = NO;
				DEBUG_INFORMATION_FORMAT = dwarf;
				ENABLE_STRICT_OBJC_MSGSEND = YES;
				ENABLE_TESTABILITY = YES;
				GCC_C_LANGUAGE_STANDARD = gnu11;
				GCC_DYNAMIC_NO_PIC = NO;
				GCC_NO_COMMON_BLOCKS = YES;
				GCC_OPTIMIZATION_LEVEL = 0;
				GCC_PREPROCESSOR_DEFINITIONS = (
					"DEBUG=1",
					"$(inherited)",
				);
				GCC_WARN_64_TO_32_BIT_CONVERSION = YES;
				GCC_WARN_ABOUT_RETURN_TYPE = YES_ERROR;
				GCC_WARN_UNDECLARED_SELECTOR = YES;
				GCC_WARN_UNINITIALIZED_AUTOS = YES_AGGRESSIVE;
				GCC_WARN_UNUSED_FUNCTION = YES;
				GCC_WARN_UNUSED_VARIABLE = YES;
				IPHONEOS_DEPLOYMENT_TARGET = 15.0;
				MTL_ENABLE_DEBUG_INFO = INCLUDE_SOURCE;
				MTL_FAST_MATH = YES;
				ONLY_ACTIVE_ARCH = YES;
				SDKROOT = iphoneos;
				SWIFT_ACTIVE_COMPILATION_CONDITIONS = DEBUG;
				SWIFT_OPTIMIZATION_LEVEL = "-Onone";
			};
			name = Debug;
		};
		BB69C4B8273EEAE50025EE04 /* Release */ = {
			isa = XCBuildConfiguration;
			buildSettings = {
				ALWAYS_SEARCH_USER_PATHS = NO;
				CLANG_ANALYZER_NONNULL = YES;
				CLANG_ANALYZER_NUMBER_OBJECT_CONVERSION = YES_AGGRESSIVE;
				CLANG_CXX_LANGUAGE_STANDARD = "gnu++17";
				CLANG_CXX_LIBRARY = "libc++";
				CLANG_ENABLE_MODULES = YES;
				CLANG_ENABLE_OBJC_ARC = YES;
				CLANG_ENABLE_OBJC_WEAK = YES;
				CLANG_WARN_BLOCK_CAPTURE_AUTORELEASING = YES;
				CLANG_WARN_BOOL_CONVERSION = YES;
				CLANG_WARN_COMMA = YES;
				CLANG_WARN_CONSTANT_CONVERSION = YES;
				CLANG_WARN_DEPRECATED_OBJC_IMPLEMENTATIONS = YES;
				CLANG_WARN_DIRECT_OBJC_ISA_USAGE = YES_ERROR;
				CLANG_WARN_DOCUMENTATION_COMMENTS = YES;
				CLANG_WARN_EMPTY_BODY = YES;
				CLANG_WARN_ENUM_CONVERSION = YES;
				CLANG_WARN_INFINITE_RECURSION = YES;
				CLANG_WARN_INT_CONVERSION = YES;
				CLANG_WARN_NON_LITERAL_NULL_CONVERSION = YES;
				CLANG_WARN_OBJC_IMPLICIT_RETAIN_SELF = YES;
				CLANG_WARN_OBJC_LITERAL_CONVERSION = YES;
				CLANG_WARN_OBJC_ROOT_CLASS = YES_ERROR;
				CLANG_WARN_QUOTED_INCLUDE_IN_FRAMEWORK_HEADER = YES;
				CLANG_WARN_RANGE_LOOP_ANALYSIS = YES;
				CLANG_WARN_STRICT_PROTOTYPES = YES;
				CLANG_WARN_SUSPICIOUS_MOVE = YES;
				CLANG_WARN_UNGUARDED_AVAILABILITY = YES_AGGRESSIVE;
				CLANG_WARN_UNREACHABLE_CODE = YES;
				CLANG_WARN__DUPLICATE_METHOD_MATCH = YES;
				COPY_PHASE_STRIP = NO;
				DEBUG_INFORMATION_FORMAT = "dwarf-with-dsym";
				ENABLE_NS_ASSERTIONS = NO;
				ENABLE_STRICT_OBJC_MSGSEND = YES;
				GCC_C_LANGUAGE_STANDARD = gnu11;
				GCC_NO_COMMON_BLOCKS = YES;
				GCC_WARN_64_TO_32_BIT_CONVERSION = YES;
				GCC_WARN_ABOUT_RETURN_TYPE = YES_ERROR;
				GCC_WARN_UNDECLARED_SELECTOR = YES;
				GCC_WARN_UNINITIALIZED_AUTOS = YES_AGGRESSIVE;
				GCC_WARN_UNUSED_FUNCTION = YES;
				GCC_WARN_UNUSED_VARIABLE = YES;
				IPHONEOS_DEPLOYMENT_TARGET = 15.0;
				MTL_ENABLE_DEBUG_INFO = NO;
				MTL_FAST_MATH = YES;
				SDKROOT = iphoneos;
				SWIFT_COMPILATION_MODE = wholemodule;
				SWIFT_OPTIMIZATION_LEVEL = "-O";
				VALIDATE_PRODUCT = YES;
			};
			name = Release;
		};
		BB69C4BA273EEAE50025EE04 /* Debug */ = {
			isa = XCBuildConfiguration;
			buildSettings = {
				ASSETCATALOG_COMPILER_APPICON_NAME = AppIcon;
				ASSETCATALOG_COMPILER_GLOBAL_ACCENT_COLOR_NAME = AccentColor;
				CODE_SIGN_STYLE = Automatic;
				CURRENT_PROJECT_VERSION = 1;
				DEVELOPMENT_TEAM = XYY68H4963;
				GENERATE_INFOPLIST_FILE = YES;
				INFOPLIST_FILE = TVShowRecommenderExample/Info.plist;
				INFOPLIST_KEY_UIApplicationSupportsIndirectInputEvents = YES;
				INFOPLIST_KEY_UILaunchStoryboardName = LaunchScreen;
				INFOPLIST_KEY_UIMainStoryboardFile = Main;
				INFOPLIST_KEY_UISupportedInterfaceOrientations_iPad = "UIInterfaceOrientationPortrait UIInterfaceOrientationPortraitUpsideDown UIInterfaceOrientationLandscapeLeft UIInterfaceOrientationLandscapeRight";
				INFOPLIST_KEY_UISupportedInterfaceOrientations_iPhone = "UIInterfaceOrientationPortrait UIInterfaceOrientationLandscapeLeft UIInterfaceOrientationLandscapeRight";
				LD_RUNPATH_SEARCH_PATHS = (
					"$(inherited)",
					"@executable_path/Frameworks",
				);
				MARKETING_VERSION = 1.0;
				PRODUCT_BUNDLE_IDENTIFIER = me.alireza.TVShowRecommenderExample;
				PRODUCT_NAME = "$(TARGET_NAME)";
				SWIFT_EMIT_LOC_STRINGS = YES;
				SWIFT_VERSION = 5.0;
				TARGETED_DEVICE_FAMILY = "1,2";
			};
			name = Debug;
		};
		BB69C4BB273EEAE50025EE04 /* Release */ = {
			isa = XCBuildConfiguration;
			buildSettings = {
				ASSETCATALOG_COMPILER_APPICON_NAME = AppIcon;
				ASSETCATALOG_COMPILER_GLOBAL_ACCENT_COLOR_NAME = AccentColor;
				CODE_SIGN_STYLE = Automatic;
				CURRENT_PROJECT_VERSION = 1;
				DEVELOPMENT_TEAM = XYY68H4963;
				GENERATE_INFOPLIST_FILE = YES;
				INFOPLIST_FILE = TVShowRecommenderExample/Info.plist;
				INFOPLIST_KEY_UIApplicationSupportsIndirectInputEvents = YES;
				INFOPLIST_KEY_UILaunchStoryboardName = LaunchScreen;
				INFOPLIST_KEY_UIMainStoryboardFile = Main;
				INFOPLIST_KEY_UISupportedInterfaceOrientations_iPad = "UIInterfaceOrientationPortrait UIInterfaceOrientationPortraitUpsideDown UIInterfaceOrientationLandscapeLeft UIInterfaceOrientationLandscapeRight";
				INFOPLIST_KEY_UISupportedInterfaceOrientations_iPhone = "UIInterfaceOrientationPortrait UIInterfaceOrientationLandscapeLeft UIInterfaceOrientationLandscapeRight";
				LD_RUNPATH_SEARCH_PATHS = (
					"$(inherited)",
					"@executable_path/Frameworks",
				);
				MARKETING_VERSION = 1.0;
				PRODUCT_BUNDLE_IDENTIFIER = me.alireza.TVShowRecommenderExample;
				PRODUCT_NAME = "$(TARGET_NAME)";
				SWIFT_EMIT_LOC_STRINGS = YES;
				SWIFT_VERSION = 5.0;
				TARGETED_DEVICE_FAMILY = "1,2";
			};
			name = Release;
		};
/* End XCBuildConfiguration section */

/* Begin XCConfigurationList section */
		BB69C4A0273EEAE30025EE04 /* Build configuration list for PBXProject "TVShowRecommenderExample" */ = {
			isa = XCConfigurationList;
			buildConfigurations = (
				BB69C4B7273EEAE50025EE04 /* Debug */,
				BB69C4B8273EEAE50025EE04 /* Release */,
			);
			defaultConfigurationIsVisible = 0;
			defaultConfigurationName = Release;
		};
		BB69C4B9273EEAE50025EE04 /* Build configuration list for PBXNativeTarget "TVShowRecommenderExample" */ = {
			isa = XCConfigurationList;
			buildConfigurations = (
				BB69C4BA273EEAE50025EE04 /* Debug */,
				BB69C4BB273EEAE50025EE04 /* Release */,
			);
			defaultConfigurationIsVisible = 0;
			defaultConfigurationName = Release;
		};
/* End XCConfigurationList section */

/* Begin XCRemoteSwiftPackageReference section */
		BBE4F95127DBFD58003E5FD5 /* XCRemoteSwiftPackageReference "tvmaze-recommender-ios-sdk" */ = {
			isa = XCRemoteSwiftPackageReference;
			repositoryURL = "https://github.com/tadeha/tvmaze-recommender-ios-sdk";
			requirement = {
				branch = main;
				kind = branch;
			};
		};
/* End XCRemoteSwiftPackageReference section */

/* Begin XCSwiftPackageProductDependency section */
		BBE4F95227DBFD58003E5FD5 /* TVShowRecommender */ = {
			isa = XCSwiftPackageProductDependency;
			package = BBE4F95127DBFD58003E5FD5 /* XCRemoteSwiftPackageReference "tvmaze-recommender-ios-sdk" */;
			productName = TVShowRecommender;
		};
/* End XCSwiftPackageProductDependency section */
	};
	rootObject = BB69C49D273EEAE30025EE04 /* Project object */;
}
