{
  "object": {
    "pins": [
      {
        "package": "TVShowRecommender",
        "repositoryURL": "https://github.com/tadeha/tvmaze-recommender-ios-sdk",
        "state": {
          "branch": null,
          "revision": "fe2db86da82deb5bf82d43770b6aae16ad7fccae",
          "version": "1.0.3"
        }
      }
    ]
  },
  "version": 1
}
