{
  "object": {
    "pins": [
      {
        "package": "TVShowRecommender",
        "repositoryURL": "https://github.com/tadeha/tvmaze-recommender-ios-sdk",
        "state": {
          "branch": null,
          "revision": "1a5e36d071eef99cff270123a2e254b8daff8407",
          "version": "1.0.2"
        }
      }
    ]
  },
  "version": 1
}
